// !$*UTF8*$!
{
	archiveVersion = 1;
	classes = {
	};
	objectVersion = 56;
	objects = {

/* Begin PBXBuildFile section */
		000512222B46F39C00F9B768 /* WorldOfPAYBACKApp.swift in Sources */ = {isa = PBXBuildFile; fileRef = 000512212B46F39C00F9B768 /* WorldOfPAYBACKApp.swift */; };
		000512242B46F39C00F9B768 /* ContentView.swift in Sources */ = {isa = PBXBuildFile; fileRef = 000512232B46F39C00F9B768 /* ContentView.swift */; };
		000512262B46F39D00F9B768 /* Assets.xcassets in Resources */ = {isa = PBXBuildFile; fileRef = 000512252B46F39D00F9B768 /* Assets.xcassets */; };
		000512292B46F39D00F9B768 /* Preview Assets.xcassets in Resources */ = {isa = PBXBuildFile; fileRef = 000512282B46F39D00F9B768 /* Preview Assets.xcassets */; };
		000512332B46F39D00F9B768 /* WorldOfPAYBACKTests.swift in Sources */ = {isa = PBXBuildFile; fileRef = 000512322B46F39D00F9B768 /* WorldOfPAYBACKTests.swift */; };
		0005123D2B46F39D00F9B768 /* WorldOfPAYBACKUITests.swift in Sources */ = {isa = PBXBuildFile; fileRef = 0005123C2B46F39D00F9B768 /* WorldOfPAYBACKUITests.swift */; };
		0005123F2B46F39D00F9B768 /* WorldOfPAYBACKUITestsLaunchTests.swift in Sources */ = {isa = PBXBuildFile; fileRef = 0005123E2B46F39D00F9B768 /* WorldOfPAYBACKUITestsLaunchTests.swift */; };
		0005124F2B46F43A00F9B768 /* NetworkAssembly.swift in Sources */ = {isa = PBXBuildFile; fileRef = 0005124E2B46F43A00F9B768 /* NetworkAssembly.swift */; };
		000512512B46F44E00F9B768 /* RequestExecutor.swift in Sources */ = {isa = PBXBuildFile; fileRef = 000512502B46F44E00F9B768 /* RequestExecutor.swift */; };
		000512532B46F47C00F9B768 /* HTTPRequest.swift in Sources */ = {isa = PBXBuildFile; fileRef = 000512522B46F47C00F9B768 /* HTTPRequest.swift */; };
		000512552B46F4B800F9B768 /* HTTPPathPattern.swift in Sources */ = {isa = PBXBuildFile; fileRef = 000512542B46F4B800F9B768 /* HTTPPathPattern.swift */; };
		000512572B46F72600F9B768 /* URLRequestBuilder.swift in Sources */ = {isa = PBXBuildFile; fileRef = 000512562B46F72600F9B768 /* URLRequestBuilder.swift */; };
		000512622B46FDCE00F9B768 /* AppStorage.swift in Sources */ = {isa = PBXBuildFile; fileRef = 000512612B46FDCE00F9B768 /* AppStorage.swift */; };
		000512652B47011000F9B768 /* PlistConfiguration.swift in Sources */ = {isa = PBXBuildFile; fileRef = 000512642B47011000F9B768 /* PlistConfiguration.swift */; };
		000512682B49A1E600F9B768 /* ServiceAssembly.swift in Sources */ = {isa = PBXBuildFile; fileRef = 000512672B49A1E600F9B768 /* ServiceAssembly.swift */; };
		0005126A2B49A1F800F9B768 /* TransactionsService.swift in Sources */ = {isa = PBXBuildFile; fileRef = 000512692B49A1F800F9B768 /* TransactionsService.swift */; };
		0005126D2B49A26800F9B768 /* Transaction.swift in Sources */ = {isa = PBXBuildFile; fileRef = 0005126C2B49A26800F9B768 /* Transaction.swift */; };
		000512702B49A2FF00F9B768 /* FetchTransactionsRequest.swift in Sources */ = {isa = PBXBuildFile; fileRef = 0005126F2B49A2FF00F9B768 /* FetchTransactionsRequest.swift */; };
		000512722B49A7B500F9B768 /* TransactionsListViewModel.swift in Sources */ = {isa = PBXBuildFile; fileRef = 000512712B49A7B500F9B768 /* TransactionsListViewModel.swift */; };
		000512762B49AE2000F9B768 /* PBTransactions.json in Resources */ = {isa = PBXBuildFile; fileRef = 000512752B49AE2000F9B768 /* PBTransactions.json */; };
/* End PBXBuildFile section */

/* Begin PBXContainerItemProxy section */
		0005122F2B46F39D00F9B768 /* PBXContainerItemProxy */ = {
			isa = PBXContainerItemProxy;
			containerPortal = 000512162B46F39C00F9B768 /* Project object */;
			proxyType = 1;
			remoteGlobalIDString = 0005121D2B46F39C00F9B768;
			remoteInfo = WorldOfPAYBACK;
		};
		000512392B46F39D00F9B768 /* PBXContainerItemProxy */ = {
			isa = PBXContainerItemProxy;
			containerPortal = 000512162B46F39C00F9B768 /* Project object */;
			proxyType = 1;
			remoteGlobalIDString = 0005121D2B46F39C00F9B768;
			remoteInfo = WorldOfPAYBACK;
		};
/* End PBXContainerItemProxy section */

/* Begin PBXFileReference section */
		0005121E2B46F39C00F9B768 /* WorldOfPAYBACK.app */ = {isa = PBXFileReference; explicitFileType = wrapper.application; includeInIndex = 0; path = WorldOfPAYBACK.app; sourceTree = BUILT_PRODUCTS_DIR; };
		000512212B46F39C00F9B768 /* WorldOfPAYBACKApp.swift */ = {isa = PBXFileReference; lastKnownFileType = sourcecode.swift; path = WorldOfPAYBACKApp.swift; sourceTree = "<group>"; };
		000512232B46F39C00F9B768 /* ContentView.swift */ = {isa = PBXFileReference; lastKnownFileType = sourcecode.swift; path = ContentView.swift; sourceTree = "<group>"; };
		000512252B46F39D00F9B768 /* Assets.xcassets */ = {isa = PBXFileReference; lastKnownFileType = folder.assetcatalog; path = Assets.xcassets; sourceTree = "<group>"; };
		000512282B46F39D00F9B768 /* Preview Assets.xcassets */ = {isa = PBXFileReference; lastKnownFileType = folder.assetcatalog; path = "Preview Assets.xcassets"; sourceTree = "<group>"; };
		0005122E2B46F39D00F9B768 /* WorldOfPAYBACKTests.xctest */ = {isa = PBXFileReference; explicitFileType = wrapper.cfbundle; includeInIndex = 0; path = WorldOfPAYBACKTests.xctest; sourceTree = BUILT_PRODUCTS_DIR; };
		000512322B46F39D00F9B768 /* WorldOfPAYBACKTests.swift */ = {isa = PBXFileReference; lastKnownFileType = sourcecode.swift; path = WorldOfPAYBACKTests.swift; sourceTree = "<group>"; };
		000512382B46F39D00F9B768 /* WorldOfPAYBACKUITests.xctest */ = {isa = PBXFileReference; explicitFileType = wrapper.cfbundle; includeInIndex = 0; path = WorldOfPAYBACKUITests.xctest; sourceTree = BUILT_PRODUCTS_DIR; };
		0005123C2B46F39D00F9B768 /* WorldOfPAYBACKUITests.swift */ = {isa = PBXFileReference; lastKnownFileType = sourcecode.swift; path = WorldOfPAYBACKUITests.swift; sourceTree = "<group>"; };
		0005123E2B46F39D00F9B768 /* WorldOfPAYBACKUITestsLaunchTests.swift */ = {isa = PBXFileReference; lastKnownFileType = sourcecode.swift; path = WorldOfPAYBACKUITestsLaunchTests.swift; sourceTree = "<group>"; };
		0005124E2B46F43A00F9B768 /* NetworkAssembly.swift */ = {isa = PBXFileReference; lastKnownFileType = sourcecode.swift; path = NetworkAssembly.swift; sourceTree = "<group>"; };
		000512502B46F44E00F9B768 /* RequestExecutor.swift */ = {isa = PBXFileReference; lastKnownFileType = sourcecode.swift; path = RequestExecutor.swift; sourceTree = "<group>"; };
		000512522B46F47C00F9B768 /* HTTPRequest.swift */ = {isa = PBXFileReference; lastKnownFileType = sourcecode.swift; path = HTTPRequest.swift; sourceTree = "<group>"; };
		000512542B46F4B800F9B768 /* HTTPPathPattern.swift */ = {isa = PBXFileReference; lastKnownFileType = sourcecode.swift; path = HTTPPathPattern.swift; sourceTree = "<group>"; };
		000512562B46F72600F9B768 /* URLRequestBuilder.swift */ = {isa = PBXFileReference; lastKnownFileType = sourcecode.swift; path = URLRequestBuilder.swift; sourceTree = "<group>"; };
		000512592B46F87600F9B768 /* Prod.xcconfig */ = {isa = PBXFileReference; lastKnownFileType = text.xcconfig; path = Prod.xcconfig; sourceTree = "<group>"; };
		0005125A2B46F88300F9B768 /* Test.xcconfig */ = {isa = PBXFileReference; lastKnownFileType = text.xcconfig; path = Test.xcconfig; sourceTree = "<group>"; };
		0005125B2B46FA7700F9B768 /* Info.plist */ = {isa = PBXFileReference; lastKnownFileType = text.plist.xml; path = Info.plist; sourceTree = "<group>"; };
		000512612B46FDCE00F9B768 /* AppStorage.swift */ = {isa = PBXFileReference; lastKnownFileType = sourcecode.swift; path = AppStorage.swift; sourceTree = "<group>"; };
		000512642B47011000F9B768 /* PlistConfiguration.swift */ = {isa = PBXFileReference; lastKnownFileType = sourcecode.swift; path = PlistConfiguration.swift; sourceTree = "<group>"; };
		000512672B49A1E600F9B768 /* ServiceAssembly.swift */ = {isa = PBXFileReference; lastKnownFileType = sourcecode.swift; path = ServiceAssembly.swift; sourceTree = "<group>"; };
		000512692B49A1F800F9B768 /* TransactionsService.swift */ = {isa = PBXFileReference; lastKnownFileType = sourcecode.swift; path = TransactionsService.swift; sourceTree = "<group>"; };
		0005126C2B49A26800F9B768 /* Transaction.swift */ = {isa = PBXFileReference; lastKnownFileType = sourcecode.swift; path = Transaction.swift; sourceTree = "<group>"; };
		0005126F2B49A2FF00F9B768 /* FetchTransactionsRequest.swift */ = {isa = PBXFileReference; lastKnownFileType = sourcecode.swift; path = FetchTransactionsRequest.swift; sourceTree = "<group>"; };
		000512712B49A7B500F9B768 /* TransactionsListViewModel.swift */ = {isa = PBXFileReference; lastKnownFileType = sourcecode.swift; path = TransactionsListViewModel.swift; sourceTree = "<group>"; };
		000512752B49AE2000F9B768 /* PBTransactions.json */ = {isa = PBXFileReference; fileEncoding = 4; lastKnownFileType = text.json; path = PBTransactions.json; sourceTree = "<group>"; };
/* End PBXFileReference section */

/* Begin PBXFrameworksBuildPhase section */
		0005121B2B46F39C00F9B768 /* Frameworks */ = {
			isa = PBXFrameworksBuildPhase;
			buildActionMask = 2147483647;
			files = (
			);
			runOnlyForDeploymentPostprocessing = 0;
		};
		0005122B2B46F39D00F9B768 /* Frameworks */ = {
			isa = PBXFrameworksBuildPhase;
			buildActionMask = 2147483647;
			files = (
			);
			runOnlyForDeploymentPostprocessing = 0;
		};
		000512352B46F39D00F9B768 /* Frameworks */ = {
			isa = PBXFrameworksBuildPhase;
			buildActionMask = 2147483647;
			files = (
			);
			runOnlyForDeploymentPostprocessing = 0;
		};
/* End PBXFrameworksBuildPhase section */

/* Begin PBXGroup section */
		000512152B46F39C00F9B768 = {
			isa = PBXGroup;
			children = (
				000512202B46F39C00F9B768 /* WorldOfPAYBACK */,
				000512312B46F39D00F9B768 /* WorldOfPAYBACKTests */,
				0005123B2B46F39D00F9B768 /* WorldOfPAYBACKUITests */,
				0005121F2B46F39C00F9B768 /* Products */,
			);
			sourceTree = "<group>";
		};
		0005121F2B46F39C00F9B768 /* Products */ = {
			isa = PBXGroup;
			children = (
				0005121E2B46F39C00F9B768 /* WorldOfPAYBACK.app */,
				0005122E2B46F39D00F9B768 /* WorldOfPAYBACKTests.xctest */,
				000512382B46F39D00F9B768 /* WorldOfPAYBACKUITests.xctest */,
			);
			name = Products;
			sourceTree = "<group>";
		};
		000512202B46F39C00F9B768 /* WorldOfPAYBACK */ = {
			isa = PBXGroup;
			children = (
				000512212B46F39C00F9B768 /* WorldOfPAYBACKApp.swift */,
				000512742B49A7C300F9B768 /* Modules */,
				000512582B46F82700F9B768 /* Config */,
				000512602B46FDC500F9B768 /* Global */,
				0005124B2B46F40300F9B768 /* Network */,
				0005126B2B49A26000F9B768 /* Models */,
				000512662B49A1DD00F9B768 /* Services */,
				000512252B46F39D00F9B768 /* Assets.xcassets */,
				000512752B49AE2000F9B768 /* PBTransactions.json */,
				000512272B46F39D00F9B768 /* Preview Content */,
			);
			path = WorldOfPAYBACK;
			sourceTree = "<group>";
		};
		000512272B46F39D00F9B768 /* Preview Content */ = {
			isa = PBXGroup;
			children = (
				000512282B46F39D00F9B768 /* Preview Assets.xcassets */,
			);
			path = "Preview Content";
			sourceTree = "<group>";
		};
		000512312B46F39D00F9B768 /* WorldOfPAYBACKTests */ = {
			isa = PBXGroup;
			children = (
				000512322B46F39D00F9B768 /* WorldOfPAYBACKTests.swift */,
			);
			path = WorldOfPAYBACKTests;
			sourceTree = "<group>";
		};
		0005123B2B46F39D00F9B768 /* WorldOfPAYBACKUITests */ = {
			isa = PBXGroup;
			children = (
				0005123C2B46F39D00F9B768 /* WorldOfPAYBACKUITests.swift */,
				0005123E2B46F39D00F9B768 /* WorldOfPAYBACKUITestsLaunchTests.swift */,
			);
			path = WorldOfPAYBACKUITests;
			sourceTree = "<group>";
		};
		0005124B2B46F40300F9B768 /* Network */ = {
			isa = PBXGroup;
			children = (
				0005124E2B46F43A00F9B768 /* NetworkAssembly.swift */,
				0005124C2B46F41B00F9B768 /* API */,
				0005126E2B49A2E300F9B768 /* Requests */,
				000512522B46F47C00F9B768 /* HTTPRequest.swift */,
				000512542B46F4B800F9B768 /* HTTPPathPattern.swift */,
			);
			path = Network;
			sourceTree = "<group>";
		};
		0005124C2B46F41B00F9B768 /* API */ = {
			isa = PBXGroup;
			children = (
				000512502B46F44E00F9B768 /* RequestExecutor.swift */,
				000512562B46F72600F9B768 /* URLRequestBuilder.swift */,
			);
			path = API;
			sourceTree = "<group>";
		};
		000512582B46F82700F9B768 /* Config */ = {
			isa = PBXGroup;
			children = (
				0005125B2B46FA7700F9B768 /* Info.plist */,
				000512592B46F87600F9B768 /* Prod.xcconfig */,
				0005125A2B46F88300F9B768 /* Test.xcconfig */,
			);
			path = Config;
			sourceTree = "<group>";
		};
		000512602B46FDC500F9B768 /* Global */ = {
			isa = PBXGroup;
			children = (
				000512632B4700F900F9B768 /* Storage */,
			);
			path = Global;
			sourceTree = "<group>";
		};
		000512632B4700F900F9B768 /* Storage */ = {
			isa = PBXGroup;
			children = (
				000512612B46FDCE00F9B768 /* AppStorage.swift */,
				000512642B47011000F9B768 /* PlistConfiguration.swift */,
			);
			path = Storage;
			sourceTree = "<group>";
		};
		000512662B49A1DD00F9B768 /* Services */ = {
			isa = PBXGroup;
			children = (
				000512672B49A1E600F9B768 /* ServiceAssembly.swift */,
				000512692B49A1F800F9B768 /* TransactionsService.swift */,
			);
			path = Services;
			sourceTree = "<group>";
		};
		0005126B2B49A26000F9B768 /* Models */ = {
			isa = PBXGroup;
			children = (
				0005126C2B49A26800F9B768 /* Transaction.swift */,
			);
			path = Models;
			sourceTree = "<group>";
		};
		0005126E2B49A2E300F9B768 /* Requests */ = {
			isa = PBXGroup;
			children = (
				0005126F2B49A2FF00F9B768 /* FetchTransactionsRequest.swift */,
			);
			path = Requests;
			sourceTree = "<group>";
		};
		000512732B49A7BA00F9B768 /* TransactionsList */ = {
			isa = PBXGroup;
			children = (
				000512232B46F39C00F9B768 /* ContentView.swift */,
				000512712B49A7B500F9B768 /* TransactionsListViewModel.swift */,
			);
			path = TransactionsList;
			sourceTree = "<group>";
		};
		000512742B49A7C300F9B768 /* Modules */ = {
			isa = PBXGroup;
			children = (
				000512732B49A7BA00F9B768 /* TransactionsList */,
			);
			path = Modules;
			sourceTree = "<group>";
		};
/* End PBXGroup section */

/* Begin PBXNativeTarget section */
		0005121D2B46F39C00F9B768 /* WorldOfPAYBACK */ = {
			isa = PBXNativeTarget;
			buildConfigurationList = 000512422B46F39D00F9B768 /* Build configuration list for PBXNativeTarget "WorldOfPAYBACK" */;
			buildPhases = (
				0005121A2B46F39C00F9B768 /* Sources */,
				0005121B2B46F39C00F9B768 /* Frameworks */,
				0005121C2B46F39C00F9B768 /* Resources */,
			);
			buildRules = (
			);
			dependencies = (
			);
			name = WorldOfPAYBACK;
			productName = WorldOfPAYBACK;
			productReference = 0005121E2B46F39C00F9B768 /* WorldOfPAYBACK.app */;
			productType = "com.apple.product-type.application";
		};
		0005122D2B46F39D00F9B768 /* WorldOfPAYBACKTests */ = {
			isa = PBXNativeTarget;
			buildConfigurationList = 000512452B46F39D00F9B768 /* Build configuration list for PBXNativeTarget "WorldOfPAYBACKTests" */;
			buildPhases = (
				0005122A2B46F39D00F9B768 /* Sources */,
				0005122B2B46F39D00F9B768 /* Frameworks */,
				0005122C2B46F39D00F9B768 /* Resources */,
			);
			buildRules = (
			);
			dependencies = (
				000512302B46F39D00F9B768 /* PBXTargetDependency */,
			);
			name = WorldOfPAYBACKTests;
			productName = WorldOfPAYBACKTests;
			productReference = 0005122E2B46F39D00F9B768 /* WorldOfPAYBACKTests.xctest */;
			productType = "com.apple.product-type.bundle.unit-test";
		};
		000512372B46F39D00F9B768 /* WorldOfPAYBACKUITests */ = {
			isa = PBXNativeTarget;
			buildConfigurationList = 000512482B46F39D00F9B768 /* Build configuration list for PBXNativeTarget "WorldOfPAYBACKUITests" */;
			buildPhases = (
				000512342B46F39D00F9B768 /* Sources */,
				000512352B46F39D00F9B768 /* Frameworks */,
				000512362B46F39D00F9B768 /* Resources */,
			);
			buildRules = (
			);
			dependencies = (
				0005123A2B46F39D00F9B768 /* PBXTargetDependency */,
			);
			name = WorldOfPAYBACKUITests;
			productName = WorldOfPAYBACKUITests;
			productReference = 000512382B46F39D00F9B768 /* WorldOfPAYBACKUITests.xctest */;
			productType = "com.apple.product-type.bundle.ui-testing";
		};
/* End PBXNativeTarget section */

/* Begin PBXProject section */
		000512162B46F39C00F9B768 /* Project object */ = {
			isa = PBXProject;
			attributes = {
				BuildIndependentTargetsInParallel = 1;
				LastSwiftUpdateCheck = 1500;
				LastUpgradeCheck = 1500;
				TargetAttributes = {
					0005121D2B46F39C00F9B768 = {
						CreatedOnToolsVersion = 15.0.1;
					};
					0005122D2B46F39D00F9B768 = {
						CreatedOnToolsVersion = 15.0.1;
						TestTargetID = 0005121D2B46F39C00F9B768;
					};
					000512372B46F39D00F9B768 = {
						CreatedOnToolsVersion = 15.0.1;
						TestTargetID = 0005121D2B46F39C00F9B768;
					};
				};
			};
			buildConfigurationList = 000512192B46F39C00F9B768 /* Build configuration list for PBXProject "WorldOfPAYBACK" */;
			compatibilityVersion = "Xcode 14.0";
			developmentRegion = en;
			hasScannedForEncodings = 0;
			knownRegions = (
				en,
				Base,
			);
			mainGroup = 000512152B46F39C00F9B768;
			productRefGroup = 0005121F2B46F39C00F9B768 /* Products */;
			projectDirPath = "";
			projectRoot = "";
			targets = (
				0005121D2B46F39C00F9B768 /* WorldOfPAYBACK */,
				0005122D2B46F39D00F9B768 /* WorldOfPAYBACKTests */,
				000512372B46F39D00F9B768 /* WorldOfPAYBACKUITests */,
			);
		};
/* End PBXProject section */

/* Begin PBXResourcesBuildPhase section */
		0005121C2B46F39C00F9B768 /* Resources */ = {
			isa = PBXResourcesBuildPhase;
			buildActionMask = 2147483647;
			files = (
				000512292B46F39D00F9B768 /* Preview Assets.xcassets in Resources */,
				000512762B49AE2000F9B768 /* PBTransactions.json in Resources */,
				000512262B46F39D00F9B768 /* Assets.xcassets in Resources */,
			);
			runOnlyForDeploymentPostprocessing = 0;
		};
		0005122C2B46F39D00F9B768 /* Resources */ = {
			isa = PBXResourcesBuildPhase;
			buildActionMask = 2147483647;
			files = (
			);
			runOnlyForDeploymentPostprocessing = 0;
		};
		000512362B46F39D00F9B768 /* Resources */ = {
			isa = PBXResourcesBuildPhase;
			buildActionMask = 2147483647;
			files = (
			);
			runOnlyForDeploymentPostprocessing = 0;
		};
/* End PBXResourcesBuildPhase section */

/* Begin PBXSourcesBuildPhase section */
		0005121A2B46F39C00F9B768 /* Sources */ = {
			isa = PBXSourcesBuildPhase;
			buildActionMask = 2147483647;
			files = (
				000512572B46F72600F9B768 /* URLRequestBuilder.swift in Sources */,
				000512722B49A7B500F9B768 /* TransactionsListViewModel.swift in Sources */,
				000512622B46FDCE00F9B768 /* AppStorage.swift in Sources */,
				0005126D2B49A26800F9B768 /* Transaction.swift in Sources */,
				000512652B47011000F9B768 /* PlistConfiguration.swift in Sources */,
				000512512B46F44E00F9B768 /* RequestExecutor.swift in Sources */,
				000512552B46F4B800F9B768 /* HTTPPathPattern.swift in Sources */,
				000512682B49A1E600F9B768 /* ServiceAssembly.swift in Sources */,
				000512242B46F39C00F9B768 /* ContentView.swift in Sources */,
				000512532B46F47C00F9B768 /* HTTPRequest.swift in Sources */,
				000512222B46F39C00F9B768 /* WorldOfPAYBACKApp.swift in Sources */,
				0005126A2B49A1F800F9B768 /* TransactionsService.swift in Sources */,
				0005124F2B46F43A00F9B768 /* NetworkAssembly.swift in Sources */,
				000512702B49A2FF00F9B768 /* FetchTransactionsRequest.swift in Sources */,
			);
			runOnlyForDeploymentPostprocessing = 0;
		};
		0005122A2B46F39D00F9B768 /* Sources */ = {
			isa = PBXSourcesBuildPhase;
			buildActionMask = 2147483647;
			files = (
				000512332B46F39D00F9B768 /* WorldOfPAYBACKTests.swift in Sources */,
			);
			runOnlyForDeploymentPostprocessing = 0;
		};
		000512342B46F39D00F9B768 /* Sources */ = {
			isa = PBXSourcesBuildPhase;
			buildActionMask = 2147483647;
			files = (
				0005123F2B46F39D00F9B768 /* WorldOfPAYBACKUITestsLaunchTests.swift in Sources */,
				0005123D2B46F39D00F9B768 /* WorldOfPAYBACKUITests.swift in Sources */,
			);
			runOnlyForDeploymentPostprocessing = 0;
		};
/* End PBXSourcesBuildPhase section */

/* Begin PBXTargetDependency section */
		000512302B46F39D00F9B768 /* PBXTargetDependency */ = {
			isa = PBXTargetDependency;
			target = 0005121D2B46F39C00F9B768 /* WorldOfPAYBACK */;
			targetProxy = 0005122F2B46F39D00F9B768 /* PBXContainerItemProxy */;
		};
		0005123A2B46F39D00F9B768 /* PBXTargetDependency */ = {
			isa = PBXTargetDependency;
			target = 0005121D2B46F39C00F9B768 /* WorldOfPAYBACK */;
			targetProxy = 000512392B46F39D00F9B768 /* PBXContainerItemProxy */;
		};
/* End PBXTargetDependency section */

/* Begin XCBuildConfiguration section */
		000512402B46F39D00F9B768 /* DebugProd */ = {
			isa = XCBuildConfiguration;
			baseConfigurationReference = 000512592B46F87600F9B768 /* Prod.xcconfig */;
			buildSettings = {
				ALWAYS_SEARCH_USER_PATHS = NO;
				ASSETCATALOG_COMPILER_GENERATE_SWIFT_ASSET_SYMBOL_EXTENSIONS = YES;
				CLANG_ANALYZER_NONNULL = YES;
				CLANG_ANALYZER_NUMBER_OBJECT_CONVERSION = YES_AGGRESSIVE;
				CLANG_CXX_LANGUAGE_STANDARD = "gnu++20";
				CLANG_ENABLE_MODULES = YES;
				CLANG_ENABLE_OBJC_ARC = YES;
				CLANG_ENABLE_OBJC_WEAK = YES;
				CLANG_WARN_BLOCK_CAPTURE_AUTORELEASING = YES;
				CLANG_WARN_BOOL_CONVERSION = YES;
				CLANG_WARN_COMMA = YES;
				CLANG_WARN_CONSTANT_CONVERSION = YES;
				CLANG_WARN_DEPRECATED_OBJC_IMPLEMENTATIONS = YES;
				CLANG_WARN_DIRECT_OBJC_ISA_USAGE = YES_ERROR;
				CLANG_WARN_DOCUMENTATION_COMMENTS = YES;
				CLANG_WARN_EMPTY_BODY = YES;
				CLANG_WARN_ENUM_CONVERSION = YES;
				CLANG_WARN_INFINITE_RECURSION = YES;
				CLANG_WARN_INT_CONVERSION = YES;
				CLANG_WARN_NON_LITERAL_NULL_CONVERSION = YES;
				CLANG_WARN_OBJC_IMPLICIT_RETAIN_SELF = YES;
				CLANG_WARN_OBJC_LITERAL_CONVERSION = YES;
				CLANG_WARN_OBJC_ROOT_CLASS = YES_ERROR;
				CLANG_WARN_QUOTED_INCLUDE_IN_FRAMEWORK_HEADER = YES;
				CLANG_WARN_RANGE_LOOP_ANALYSIS = YES;
				CLANG_WARN_STRICT_PROTOTYPES = YES;
				CLANG_WARN_SUSPICIOUS_MOVE = YES;
				CLANG_WARN_UNGUARDED_AVAILABILITY = YES_AGGRESSIVE;
				CLANG_WARN_UNREACHABLE_CODE = YES;
				CLANG_WARN__DUPLICATE_METHOD_MATCH = YES;
				COPY_PHASE_STRIP = NO;
				DEBUG_INFORMATION_FORMAT = dwarf;
				ENABLE_STRICT_OBJC_MSGSEND = YES;
				ENABLE_TESTABILITY = YES;
				ENABLE_USER_SCRIPT_SANDBOXING = YES;
				GCC_C_LANGUAGE_STANDARD = gnu17;
				GCC_DYNAMIC_NO_PIC = NO;
				GCC_NO_COMMON_BLOCKS = YES;
				GCC_OPTIMIZATION_LEVEL = 0;
				GCC_PREPROCESSOR_DEFINITIONS = (
					"DEBUG=1",
					"$(inherited)",
				);
				GCC_WARN_64_TO_32_BIT_CONVERSION = YES;
				GCC_WARN_ABOUT_RETURN_TYPE = YES_ERROR;
				GCC_WARN_UNDECLARED_SELECTOR = YES;
				GCC_WARN_UNINITIALIZED_AUTOS = YES_AGGRESSIVE;
				GCC_WARN_UNUSED_FUNCTION = YES;
				GCC_WARN_UNUSED_VARIABLE = YES;
				IPHONEOS_DEPLOYMENT_TARGET = 16.0;
				LOCALIZATION_PREFERS_STRING_CATALOGS = YES;
				MTL_ENABLE_DEBUG_INFO = INCLUDE_SOURCE;
				MTL_FAST_MATH = YES;
				ONLY_ACTIVE_ARCH = YES;
				SDKROOT = iphoneos;
				SWIFT_ACTIVE_COMPILATION_CONDITIONS = "DEBUG $(inherited)";
				SWIFT_OPTIMIZATION_LEVEL = "-Onone";
			};
			name = DebugProd;
		};
		000512412B46F39D00F9B768 /* Release */ = {
			isa = XCBuildConfiguration;
			baseConfigurationReference = 000512592B46F87600F9B768 /* Prod.xcconfig */;
			buildSettings = {
				ALWAYS_SEARCH_USER_PATHS = NO;
				ASSETCATALOG_COMPILER_GENERATE_SWIFT_ASSET_SYMBOL_EXTENSIONS = YES;
				CLANG_ANALYZER_NONNULL = YES;
				CLANG_ANALYZER_NUMBER_OBJECT_CONVERSION = YES_AGGRESSIVE;
				CLANG_CXX_LANGUAGE_STANDARD = "gnu++20";
				CLANG_ENABLE_MODULES = YES;
				CLANG_ENABLE_OBJC_ARC = YES;
				CLANG_ENABLE_OBJC_WEAK = YES;
				CLANG_WARN_BLOCK_CAPTURE_AUTORELEASING = YES;
				CLANG_WARN_BOOL_CONVERSION = YES;
				CLANG_WARN_COMMA = YES;
				CLANG_WARN_CONSTANT_CONVERSION = YES;
				CLANG_WARN_DEPRECATED_OBJC_IMPLEMENTATIONS = YES;
				CLANG_WARN_DIRECT_OBJC_ISA_USAGE = YES_ERROR;
				CLANG_WARN_DOCUMENTATION_COMMENTS = YES;
				CLANG_WARN_EMPTY_BODY = YES;
				CLANG_WARN_ENUM_CONVERSION = YES;
				CLANG_WARN_INFINITE_RECURSION = YES;
				CLANG_WARN_INT_CONVERSION = YES;
				CLANG_WARN_NON_LITERAL_NULL_CONVERSION = YES;
				CLANG_WARN_OBJC_IMPLICIT_RETAIN_SELF = YES;
				CLANG_WARN_OBJC_LITERAL_CONVERSION = YES;
				CLANG_WARN_OBJC_ROOT_CLASS = YES_ERROR;
				CLANG_WARN_QUOTED_INCLUDE_IN_FRAMEWORK_HEADER = YES;
				CLANG_WARN_RANGE_LOOP_ANALYSIS = YES;
				CLANG_WARN_STRICT_PROTOTYPES = YES;
				CLANG_WARN_SUSPICIOUS_MOVE = YES;
				CLANG_WARN_UNGUARDED_AVAILABILITY = YES_AGGRESSIVE;
				CLANG_WARN_UNREACHABLE_CODE = YES;
				CLANG_WARN__DUPLICATE_METHOD_MATCH = YES;
				COPY_PHASE_STRIP = NO;
				DEBUG_INFORMATION_FORMAT = "dwarf-with-dsym";
				ENABLE_NS_ASSERTIONS = NO;
				ENABLE_STRICT_OBJC_MSGSEND = YES;
				ENABLE_USER_SCRIPT_SANDBOXING = YES;
				GCC_C_LANGUAGE_STANDARD = gnu17;
				GCC_NO_COMMON_BLOCKS = YES;
				GCC_WARN_64_TO_32_BIT_CONVERSION = YES;
				GCC_WARN_ABOUT_RETURN_TYPE = YES_ERROR;
				GCC_WARN_UNDECLARED_SELECTOR = YES;
				GCC_WARN_UNINITIALIZED_AUTOS = YES_AGGRESSIVE;
				GCC_WARN_UNUSED_FUNCTION = YES;
				GCC_WARN_UNUSED_VARIABLE = YES;
				IPHONEOS_DEPLOYMENT_TARGET = 16.0;
				LOCALIZATION_PREFERS_STRING_CATALOGS = YES;
				MTL_ENABLE_DEBUG_INFO = NO;
				MTL_FAST_MATH = YES;
				SDKROOT = iphoneos;
				SWIFT_COMPILATION_MODE = wholemodule;
				VALIDATE_PRODUCT = YES;
			};
			name = Release;
		};
		000512432B46F39D00F9B768 /* DebugProd */ = {
			isa = XCBuildConfiguration;
			baseConfigurationReference = 000512592B46F87600F9B768 /* Prod.xcconfig */;
			buildSettings = {
				ASSETCATALOG_COMPILER_APPICON_NAME = AppIcon;
				ASSETCATALOG_COMPILER_GLOBAL_ACCENT_COLOR_NAME = AccentColor;
				CODE_SIGN_STYLE = Automatic;
				CURRENT_PROJECT_VERSION = 1;
				DEVELOPMENT_ASSET_PATHS = "\"WorldOfPAYBACK/Preview Content\"";
				DEVELOPMENT_TEAM = XCX28JQZBS;
				ENABLE_PREVIEWS = YES;
				GENERATE_INFOPLIST_FILE = YES;
				INFOPLIST_FILE = WorldOfPAYBACK/Info.plist;
				INFOPLIST_KEY_UIApplicationSceneManifest_Generation = YES;
				INFOPLIST_KEY_UIApplicationSupportsIndirectInputEvents = YES;
				INFOPLIST_KEY_UILaunchScreen_Generation = YES;
				INFOPLIST_KEY_UISupportedInterfaceOrientations_iPad = "UIInterfaceOrientationPortrait UIInterfaceOrientationPortraitUpsideDown UIInterfaceOrientationLandscapeLeft UIInterfaceOrientationLandscapeRight";
				INFOPLIST_KEY_UISupportedInterfaceOrientations_iPhone = "UIInterfaceOrientationPortrait UIInterfaceOrientationLandscapeLeft UIInterfaceOrientationLandscapeRight";
				IPHONEOS_DEPLOYMENT_TARGET = 16.0;
				LD_RUNPATH_SEARCH_PATHS = (
					"$(inherited)",
					"@executable_path/Frameworks",
				);
				MARKETING_VERSION = 1.0;
				PRODUCT_BUNDLE_IDENTIFIER = com.kasarin.oleg.WorldOfPAYBACK;
				PRODUCT_NAME = "$(TARGET_NAME)";
				SWIFT_EMIT_LOC_STRINGS = YES;
				SWIFT_VERSION = 5.0;
				TARGETED_DEVICE_FAMILY = "1,2";
			};
			name = DebugProd;
		};
		000512442B46F39D00F9B768 /* Release */ = {
			isa = XCBuildConfiguration;
			buildSettings = {
				ASSETCATALOG_COMPILER_APPICON_NAME = AppIcon;
				ASSETCATALOG_COMPILER_GLOBAL_ACCENT_COLOR_NAME = AccentColor;
				CODE_SIGN_STYLE = Automatic;
				CURRENT_PROJECT_VERSION = 1;
				DEVELOPMENT_ASSET_PATHS = "\"WorldOfPAYBACK/Preview Content\"";
				DEVELOPMENT_TEAM = XCX28JQZBS;
				ENABLE_PREVIEWS = YES;
				GENERATE_INFOPLIST_FILE = YES;
				INFOPLIST_FILE = WorldOfPAYBACK/Info.plist;
				INFOPLIST_KEY_UIApplicationSceneManifest_Generation = YES;
				INFOPLIST_KEY_UIApplicationSupportsIndirectInputEvents = YES;
				INFOPLIST_KEY_UILaunchScreen_Generation = YES;
				INFOPLIST_KEY_UISupportedInterfaceOrientations_iPad = "UIInterfaceOrientationPortrait UIInterfaceOrientationPortraitUpsideDown UIInterfaceOrientationLandscapeLeft UIInterfaceOrientationLandscapeRight";
				INFOPLIST_KEY_UISupportedInterfaceOrientations_iPhone = "UIInterfaceOrientationPortrait UIInterfaceOrientationLandscapeLeft UIInterfaceOrientationLandscapeRight";
				IPHONEOS_DEPLOYMENT_TARGET = 16.0;
				LD_RUNPATH_SEARCH_PATHS = (
					"$(inherited)",
					"@executable_path/Frameworks",
				);
				MARKETING_VERSION = 1.0;
				PRODUCT_BUNDLE_IDENTIFIER = com.kasarin.oleg.WorldOfPAYBACK;
				PRODUCT_NAME = "$(TARGET_NAME)";
				SWIFT_EMIT_LOC_STRINGS = YES;
				SWIFT_VERSION = 5.0;
				TARGETED_DEVICE_FAMILY = "1,2";
			};
			name = Release;
		};
		000512462B46F39D00F9B768 /* DebugProd */ = {
			isa = XCBuildConfiguration;
			buildSettings = {
				ALWAYS_EMBED_SWIFT_STANDARD_LIBRARIES = YES;
				BUNDLE_LOADER = "$(TEST_HOST)";
				CODE_SIGN_STYLE = Automatic;
				CURRENT_PROJECT_VERSION = 1;
				DEVELOPMENT_TEAM = XCX28JQZBS;
				GENERATE_INFOPLIST_FILE = YES;
				IPHONEOS_DEPLOYMENT_TARGET = 17.0;
				MARKETING_VERSION = 1.0;
				PRODUCT_BUNDLE_IDENTIFIER = com.kasarin.oleg.WorldOfPAYBACKTests;
				PRODUCT_NAME = "$(TARGET_NAME)";
				SWIFT_EMIT_LOC_STRINGS = NO;
				SWIFT_VERSION = 5.0;
				TARGETED_DEVICE_FAMILY = "1,2";
				TEST_HOST = "$(BUILT_PRODUCTS_DIR)/WorldOfPAYBACK.app/$(BUNDLE_EXECUTABLE_FOLDER_PATH)/WorldOfPAYBACK";
			};
			name = DebugProd;
		};
		000512472B46F39D00F9B768 /* Release */ = {
			isa = XCBuildConfiguration;
			buildSettings = {
				ALWAYS_EMBED_SWIFT_STANDARD_LIBRARIES = YES;
				BUNDLE_LOADER = "$(TEST_HOST)";
				CODE_SIGN_STYLE = Automatic;
				CURRENT_PROJECT_VERSION = 1;
				DEVELOPMENT_TEAM = XCX28JQZBS;
				GENERATE_INFOPLIST_FILE = YES;
				IPHONEOS_DEPLOYMENT_TARGET = 17.0;
				MARKETING_VERSION = 1.0;
				PRODUCT_BUNDLE_IDENTIFIER = com.kasarin.oleg.WorldOfPAYBACKTests;
				PRODUCT_NAME = "$(TARGET_NAME)";
				SWIFT_EMIT_LOC_STRINGS = NO;
				SWIFT_VERSION = 5.0;
				TARGETED_DEVICE_FAMILY = "1,2";
				TEST_HOST = "$(BUILT_PRODUCTS_DIR)/WorldOfPAYBACK.app/$(BUNDLE_EXECUTABLE_FOLDER_PATH)/WorldOfPAYBACK";
			};
			name = Release;
		};
		000512492B46F39D00F9B768 /* DebugProd */ = {
			isa = XCBuildConfiguration;
			buildSettings = {
				ALWAYS_EMBED_SWIFT_STANDARD_LIBRARIES = YES;
				CODE_SIGN_STYLE = Automatic;
				CURRENT_PROJECT_VERSION = 1;
				DEVELOPMENT_TEAM = XCX28JQZBS;
				GENERATE_INFOPLIST_FILE = YES;
				MARKETING_VERSION = 1.0;
				PRODUCT_BUNDLE_IDENTIFIER = com.kasarin.oleg.WorldOfPAYBACKUITests;
				PRODUCT_NAME = "$(TARGET_NAME)";
				SWIFT_EMIT_LOC_STRINGS = NO;
				SWIFT_VERSION = 5.0;
				TARGETED_DEVICE_FAMILY = "1,2";
				TEST_TARGET_NAME = WorldOfPAYBACK;
			};
			name = DebugProd;
		};
		0005124A2B46F39D00F9B768 /* Release */ = {
			isa = XCBuildConfiguration;
			buildSettings = {
				ALWAYS_EMBED_SWIFT_STANDARD_LIBRARIES = YES;
				CODE_SIGN_STYLE = Automatic;
				CURRENT_PROJECT_VERSION = 1;
				DEVELOPMENT_TEAM = XCX28JQZBS;
				GENERATE_INFOPLIST_FILE = YES;
				MARKETING_VERSION = 1.0;
				PRODUCT_BUNDLE_IDENTIFIER = com.kasarin.oleg.WorldOfPAYBACKUITests;
				PRODUCT_NAME = "$(TARGET_NAME)";
				SWIFT_EMIT_LOC_STRINGS = NO;
				SWIFT_VERSION = 5.0;
				TARGETED_DEVICE_FAMILY = "1,2";
				TEST_TARGET_NAME = WorldOfPAYBACK;
			};
			name = Release;
		};
		0005125C2B46FC0300F9B768 /* DebugTest */ = {
			isa = XCBuildConfiguration;
			baseConfigurationReference = 0005125A2B46F88300F9B768 /* Test.xcconfig */;
			buildSettings = {
				ALWAYS_SEARCH_USER_PATHS = NO;
				ASSETCATALOG_COMPILER_GENERATE_SWIFT_ASSET_SYMBOL_EXTENSIONS = YES;
				CLANG_ANALYZER_NONNULL = YES;
				CLANG_ANALYZER_NUMBER_OBJECT_CONVERSION = YES_AGGRESSIVE;
				CLANG_CXX_LANGUAGE_STANDARD = "gnu++20";
				CLANG_ENABLE_MODULES = YES;
				CLANG_ENABLE_OBJC_ARC = YES;
				CLANG_ENABLE_OBJC_WEAK = YES;
				CLANG_WARN_BLOCK_CAPTURE_AUTORELEASING = YES;
				CLANG_WARN_BOOL_CONVERSION = YES;
				CLANG_WARN_COMMA = YES;
				CLANG_WARN_CONSTANT_CONVERSION = YES;
				CLANG_WARN_DEPRECATED_OBJC_IMPLEMENTATIONS = YES;
				CLANG_WARN_DIRECT_OBJC_ISA_USAGE = YES_ERROR;
				CLANG_WARN_DOCUMENTATION_COMMENTS = YES;
				CLANG_WARN_EMPTY_BODY = YES;
				CLANG_WARN_ENUM_CONVERSION = YES;
				CLANG_WARN_INFINITE_RECURSION = YES;
				CLANG_WARN_INT_CONVERSION = YES;
				CLANG_WARN_NON_LITERAL_NULL_CONVERSION = YES;
				CLANG_WARN_OBJC_IMPLICIT_RETAIN_SELF = YES;
				CLANG_WARN_OBJC_LITERAL_CONVERSION = YES;
				CLANG_WARN_OBJC_ROOT_CLASS = YES_ERROR;
				CLANG_WARN_QUOTED_INCLUDE_IN_FRAMEWORK_HEADER = YES;
				CLANG_WARN_RANGE_LOOP_ANALYSIS = YES;
				CLANG_WARN_STRICT_PROTOTYPES = YES;
				CLANG_WARN_SUSPICIOUS_MOVE = YES;
				CLANG_WARN_UNGUARDED_AVAILABILITY = YES_AGGRESSIVE;
				CLANG_WARN_UNREACHABLE_CODE = YES;
				CLANG_WARN__DUPLICATE_METHOD_MATCH = YES;
				COPY_PHASE_STRIP = NO;
				DEBUG_INFORMATION_FORMAT = dwarf;
				ENABLE_STRICT_OBJC_MSGSEND = YES;
				ENABLE_TESTABILITY = YES;
				ENABLE_USER_SCRIPT_SANDBOXING = YES;
				GCC_C_LANGUAGE_STANDARD = gnu17;
				GCC_DYNAMIC_NO_PIC = NO;
				GCC_NO_COMMON_BLOCKS = YES;
				GCC_OPTIMIZATION_LEVEL = 0;
				GCC_PREPROCESSOR_DEFINITIONS = (
					"DEBUG=1",
					"$(inherited)",
				);
				GCC_WARN_64_TO_32_BIT_CONVERSION = YES;
				GCC_WARN_ABOUT_RETURN_TYPE = YES_ERROR;
				GCC_WARN_UNDECLARED_SELECTOR = YES;
				GCC_WARN_UNINITIALIZED_AUTOS = YES_AGGRESSIVE;
				GCC_WARN_UNUSED_FUNCTION = YES;
				GCC_WARN_UNUSED_VARIABLE = YES;
				IPHONEOS_DEPLOYMENT_TARGET = 16.0;
				LOCALIZATION_PREFERS_STRING_CATALOGS = YES;
				MTL_ENABLE_DEBUG_INFO = INCLUDE_SOURCE;
				MTL_FAST_MATH = YES;
				ONLY_ACTIVE_ARCH = YES;
				SDKROOT = iphoneos;
				SWIFT_ACTIVE_COMPILATION_CONDITIONS = "DEBUG $(inherited)";
				SWIFT_OPTIMIZATION_LEVEL = "-Onone";
			};
			name = DebugTest;
		};
		0005125D2B46FC0300F9B768 /* DebugTest */ = {
			isa = XCBuildConfiguration;
			baseConfigurationReference = 0005125A2B46F88300F9B768 /* Test.xcconfig */;
			buildSettings = {
				ASSETCATALOG_COMPILER_APPICON_NAME = AppIcon;
				ASSETCATALOG_COMPILER_GLOBAL_ACCENT_COLOR_NAME = AccentColor;
				CODE_SIGN_STYLE = Automatic;
				CURRENT_PROJECT_VERSION = 1;
				DEVELOPMENT_ASSET_PATHS = "\"WorldOfPAYBACK/Preview Content\"";
				DEVELOPMENT_TEAM = XCX28JQZBS;
				ENABLE_PREVIEWS = YES;
				GENERATE_INFOPLIST_FILE = YES;
				INFOPLIST_FILE = WorldOfPAYBACK/Info.plist;
				INFOPLIST_KEY_UIApplicationSceneManifest_Generation = YES;
				INFOPLIST_KEY_UIApplicationSupportsIndirectInputEvents = YES;
				INFOPLIST_KEY_UILaunchScreen_Generation = YES;
				INFOPLIST_KEY_UISupportedInterfaceOrientations_iPad = "UIInterfaceOrientationPortrait UIInterfaceOrientationPortraitUpsideDown UIInterfaceOrientationLandscapeLeft UIInterfaceOrientationLandscapeRight";
				INFOPLIST_KEY_UISupportedInterfaceOrientations_iPhone = "UIInterfaceOrientationPortrait UIInterfaceOrientationLandscapeLeft UIInterfaceOrientationLandscapeRight";
				IPHONEOS_DEPLOYMENT_TARGET = 16.0;
				LD_RUNPATH_SEARCH_PATHS = (
					"$(inherited)",
					"@executable_path/Frameworks",
				);
				MARKETING_VERSION = 1.0;
				PRODUCT_BUNDLE_IDENTIFIER = com.kasarin.oleg.WorldOfPAYBACK;
				PRODUCT_NAME = "$(TARGET_NAME)";
				SWIFT_EMIT_LOC_STRINGS = YES;
				SWIFT_VERSION = 5.0;
				TARGETED_DEVICE_FAMILY = "1,2";
			};
			name = DebugTest;
		};
		0005125E2B46FC0300F9B768 /* DebugTest */ = {
			isa = XCBuildConfiguration;
			buildSettings = {
				ALWAYS_EMBED_SWIFT_STANDARD_LIBRARIES = YES;
				BUNDLE_LOADER = "$(TEST_HOST)";
				CODE_SIGN_STYLE = Automatic;
				CURRENT_PROJECT_VERSION = 1;
				DEVELOPMENT_TEAM = XCX28JQZBS;
				GENERATE_INFOPLIST_FILE = YES;
				IPHONEOS_DEPLOYMENT_TARGET = 17.0;
				MARKETING_VERSION = 1.0;
				PRODUCT_BUNDLE_IDENTIFIER = com.kasarin.oleg.WorldOfPAYBACKTests;
				PRODUCT_NAME = "$(TARGET_NAME)";
				SWIFT_EMIT_LOC_STRINGS = NO;
				SWIFT_VERSION = 5.0;
				TARGETED_DEVICE_FAMILY = "1,2";
				TEST_HOST = "$(BUILT_PRODUCTS_DIR)/WorldOfPAYBACK.app/$(BUNDLE_EXECUTABLE_FOLDER_PATH)/WorldOfPAYBACK";
			};
			name = DebugTest;
		};
		0005125F2B46FC0300F9B768 /* DebugTest */ = {
			isa = XCBuildConfiguration;
			buildSettings = {
				ALWAYS_EMBED_SWIFT_STANDARD_LIBRARIES = YES;
				CODE_SIGN_STYLE = Automatic;
				CURRENT_PROJECT_VERSION = 1;
				DEVELOPMENT_TEAM = XCX28JQZBS;
				GENERATE_INFOPLIST_FILE = YES;
				MARKETING_VERSION = 1.0;
				PRODUCT_BUNDLE_IDENTIFIER = com.kasarin.oleg.WorldOfPAYBACKUITests;
				PRODUCT_NAME = "$(TARGET_NAME)";
				SWIFT_EMIT_LOC_STRINGS = NO;
				SWIFT_VERSION = 5.0;
				TARGETED_DEVICE_FAMILY = "1,2";
				TEST_TARGET_NAME = WorldOfPAYBACK;
			};
			name = DebugTest;
		};
/* End XCBuildConfiguration section */

/* Begin XCConfigurationList section */
		000512192B46F39C00F9B768 /* Build configuration list for PBXProject "WorldOfPAYBACK" */ = {
			isa = XCConfigurationList;
			buildConfigurations = (
				000512402B46F39D00F9B768 /* DebugProd */,
				0005125C2B46FC0300F9B768 /* DebugTest */,
				000512412B46F39D00F9B768 /* Release */,
			);
			defaultConfigurationIsVisible = 0;
			defaultConfigurationName = Release;
		};
		000512422B46F39D00F9B768 /* Build configuration list for PBXNativeTarget "WorldOfPAYBACK" */ = {
			isa = XCConfigurationList;
			buildConfigurations = (
				000512432B46F39D00F9B768 /* DebugProd */,
				0005125D2B46FC0300F9B768 /* DebugTest */,
				000512442B46F39D00F9B768 /* Release */,
			);
			defaultConfigurationIsVisible = 0;
			defaultConfigurationName = Release;
		};
		000512452B46F39D00F9B768 /* Build configuration list for PBXNativeTarget "WorldOfPAYBACKTests" */ = {
			isa = XCConfigurationList;
			buildConfigurations = (
				000512462B46F39D00F9B768 /* DebugProd */,
				0005125E2B46FC0300F9B768 /* DebugTest */,
				000512472B46F39D00F9B768 /* Release */,
			);
			defaultConfigurationIsVisible = 0;
			defaultConfigurationName = Release;
		};
		000512482B46F39D00F9B768 /* Build configuration list for PBXNativeTarget "WorldOfPAYBACKUITests" */ = {
			isa = XCConfigurationList;
			buildConfigurations = (
				000512492B46F39D00F9B768 /* DebugProd */,
				0005125F2B46FC0300F9B768 /* DebugTest */,
				0005124A2B46F39D00F9B768 /* Release */,
			);
			defaultConfigurationIsVisible = 0;
			defaultConfigurationName = Release;
		};
/* End XCConfigurationList section */
	};
	rootObject = 000512162B46F39C00F9B768 /* Project object */;
}
